// !$*UTF8*$!
{
	archiveVersion = 1;
	classes = {
	};
	objectVersion = 50;
	objects = {

/* Begin PBXBuildFile section */
		6C0486EC23071BA7009A888C /* SpaceShip.swift in Sources */ = {isa = PBXBuildFile; fileRef = 6C0486EB23071BA7009A888C /* SpaceShip.swift */; };
		6C0486EE23071CF9009A888C /* PhysicsDetection.swift in Sources */ = {isa = PBXBuildFile; fileRef = 6C0486ED23071CF9009A888C /* PhysicsDetection.swift */; };
		6C206C70230B824E008B302E /* MessageType.swift in Sources */ = {isa = PBXBuildFile; fileRef = 6C206C6F230B824E008B302E /* MessageType.swift */; };
		6C2FCBFA2311E6B00086DA77 /* Matchmaker.swift in Sources */ = {isa = PBXBuildFile; fileRef = 6C2FCBF92311E6B00086DA77 /* Matchmaker.swift */; };
		6C2FCBFC2311E7090086DA77 /* MatchService.swift in Sources */ = {isa = PBXBuildFile; fileRef = 6C2FCBFB2311E7090086DA77 /* MatchService.swift */; };
		6C3EF8142340E1C7003A3C86 /* MKMenuScene.swift in Sources */ = {isa = PBXBuildFile; fileRef = 6C3EF8132340E1C7003A3C86 /* MKMenuScene.swift */; };
		6C3EF8162340E343003A3C86 /* AuthenticationDelegate.swift in Sources */ = {isa = PBXBuildFile; fileRef = 6C3EF8152340E343003A3C86 /* AuthenticationDelegate.swift */; };
		6C3EF8182340E531003A3C86 /* GamePresentationDelegate.swift in Sources */ = {isa = PBXBuildFile; fileRef = 6C3EF8172340E531003A3C86 /* GamePresentationDelegate.swift */; };
		6C619D1D2308804C0082D672 /* MessageProtocol.swift in Sources */ = {isa = PBXBuildFile; fileRef = 6C619D1C2308804C0082D672 /* MessageProtocol.swift */; };
		6C619D1F230880A50082D672 /* MessageType.swift in Sources */ = {isa = PBXBuildFile; fileRef = 6C619D1E230880A50082D672 /* MessageType.swift */; };
		6C6EEAF922FF3CBA00996FC8 /* JoystickNode.swift in Sources */ = {isa = PBXBuildFile; fileRef = 6C6EEAF422FF3CBA00996FC8 /* JoystickNode.swift */; };
		6C6EEAFA22FF3CBA00996FC8 /* VirtualButtonNode.swift in Sources */ = {isa = PBXBuildFile; fileRef = 6C6EEAF522FF3CBA00996FC8 /* VirtualButtonNode.swift */; };
		6C6EEAFB22FF3CBA00996FC8 /* InputController.swift in Sources */ = {isa = PBXBuildFile; fileRef = 6C6EEAF622FF3CBA00996FC8 /* InputController.swift */; };
		6C6EEAFC22FF3CBA00996FC8 /* JoystickComponent.swift in Sources */ = {isa = PBXBuildFile; fileRef = 6C6EEAF722FF3CBA00996FC8 /* JoystickComponent.swift */; };
		6C6EEAFD22FF3CBA00996FC8 /* JoystickDelegate.swift in Sources */ = {isa = PBXBuildFile; fileRef = 6C6EEAF822FF3CBA00996FC8 /* JoystickDelegate.swift */; };
		6C6EEB0722FF3F8C00996FC8 /* ConnectionDelegate.swift in Sources */ = {isa = PBXBuildFile; fileRef = 6CEFC58D22FF28D100FA5D3A /* ConnectionDelegate.swift */; };
		6C6EEB1122FF479C00996FC8 /* MenuScene.swift in Sources */ = {isa = PBXBuildFile; fileRef = 6C6EEB1022FF479C00996FC8 /* MenuScene.swift */; };
		6C6EEB7422FF49DC00996FC8 /* ReceiveDataDelegate.swift in Sources */ = {isa = PBXBuildFile; fileRef = 6CEFC58822FF285300FA5D3A /* ReceiveDataDelegate.swift */; };
		6C6EEB7722FF4B1F00996FC8 /* ButtonNode.swift in Sources */ = {isa = PBXBuildFile; fileRef = 6C6EEB7622FF4B1F00996FC8 /* ButtonNode.swift */; };
		6C6EEB7E22FF53B400996FC8 /* GameSceneProtocol.swift in Sources */ = {isa = PBXBuildFile; fileRef = 6C6EEB7D22FF53B400996FC8 /* GameSceneProtocol.swift */; };
		6C7031EC22FE047E005055B0 /* NotificationName.swift in Sources */ = {isa = PBXBuildFile; fileRef = 6C7031E822FE047E005055B0 /* NotificationName.swift */; };
		6C7031EE22FE047E005055B0 /* MultiplayerService.swift in Sources */ = {isa = PBXBuildFile; fileRef = 6C7031EA22FE047E005055B0 /* MultiplayerService.swift */; };
		6C99F97522FC99ED00B8C80B /* MultiplayerKitTests.swift in Sources */ = {isa = PBXBuildFile; fileRef = 6C99F97422FC99ED00B8C80B /* MultiplayerKitTests.swift */; };
		6C99F97722FC99ED00B8C80B /* MultiplayerKit.h in Headers */ = {isa = PBXBuildFile; fileRef = 6C99F96922FC99ED00B8C80B /* MultiplayerKit.h */; settings = {ATTRIBUTES = (Public, ); }; };
		6C99F98722FC9A0B00B8C80B /* AppDelegate.swift in Sources */ = {isa = PBXBuildFile; fileRef = 6C99F98622FC9A0B00B8C80B /* AppDelegate.swift */; };
		6C99F98D22FC9A0B00B8C80B /* GameScene.swift in Sources */ = {isa = PBXBuildFile; fileRef = 6C99F98C22FC9A0B00B8C80B /* GameScene.swift */; };
		6C99F98F22FC9A0B00B8C80B /* GameViewController.swift in Sources */ = {isa = PBXBuildFile; fileRef = 6C99F98E22FC9A0B00B8C80B /* GameViewController.swift */; };
		6C99F99222FC9A0B00B8C80B /* Main.storyboard in Resources */ = {isa = PBXBuildFile; fileRef = 6C99F99022FC9A0B00B8C80B /* Main.storyboard */; };
		6C99F99422FC9A0C00B8C80B /* Assets.xcassets in Resources */ = {isa = PBXBuildFile; fileRef = 6C99F99322FC9A0C00B8C80B /* Assets.xcassets */; };
		6C99F99722FC9A0C00B8C80B /* LaunchScreen.storyboard in Resources */ = {isa = PBXBuildFile; fileRef = 6C99F99522FC9A0C00B8C80B /* LaunchScreen.storyboard */; };
		6CA83A6722FF7A97004C912A /* MultiplayerKit.framework in Frameworks */ = {isa = PBXBuildFile; fileRef = 6C99F96622FC99ED00B8C80B /* MultiplayerKit.framework */; };
		6CA83AB022FF7CA0004C912A /* MultiplayerKit.framework in Frameworks */ = {isa = PBXBuildFile; fileRef = 6C99F96622FC99ED00B8C80B /* MultiplayerKit.framework */; };
		6CA83ABA22FF7E95004C912A /* MultiplayerKit.framework in Embed Frameworks */ = {isa = PBXBuildFile; fileRef = 6C99F96622FC99ED00B8C80B /* MultiplayerKit.framework */; settings = {ATTRIBUTES = (CodeSignOnCopy, RemoveHeadersOnCopy, ); }; };
		6CA83AC022FF9057004C912A /* MPSpriteNode.swift in Sources */ = {isa = PBXBuildFile; fileRef = 6CA83ABF22FF9057004C912A /* MPSpriteNode.swift */; };
		6CA83AC322FF986A004C912A /* String+ToInt.swift in Sources */ = {isa = PBXBuildFile; fileRef = 6CA83AC222FF986A004C912A /* String+ToInt.swift */; };
		6CA916BF2336988900765DBD /* GameKit.framework in Frameworks */ = {isa = PBXBuildFile; fileRef = 6CCDFB3622FF6FA500DBCE3E /* GameKit.framework */; };
		6CCDFB3722FF6FA500DBCE3E /* GameKit.framework in Frameworks */ = {isa = PBXBuildFile; fileRef = 6CCDFB3622FF6FA500DBCE3E /* GameKit.framework */; };
		6CEFC58E22FF28D100FA5D3A /* ConnectionDelegate.swift in Sources */ = {isa = PBXBuildFile; fileRef = 6CEFC58D22FF28D100FA5D3A /* ConnectionDelegate.swift */; };
/* End PBXBuildFile section */

/* Begin PBXContainerItemProxy section */
		6C99F97122FC99ED00B8C80B /* PBXContainerItemProxy */ = {
			isa = PBXContainerItemProxy;
			containerPortal = 6C99F95D22FC99ED00B8C80B /* Project object */;
			proxyType = 1;
			remoteGlobalIDString = 6C99F96522FC99ED00B8C80B;
			remoteInfo = MultiplayerKit;
		};
		6CA83ABB22FF7E95004C912A /* PBXContainerItemProxy */ = {
			isa = PBXContainerItemProxy;
			containerPortal = 6C99F95D22FC99ED00B8C80B /* Project object */;
			proxyType = 1;
			remoteGlobalIDString = 6C99F96522FC99ED00B8C80B;
			remoteInfo = MultiplayerKit;
		};
/* End PBXContainerItemProxy section */

/* Begin PBXCopyFilesBuildPhase section */
		6CA83ABD22FF7E95004C912A /* Embed Frameworks */ = {
			isa = PBXCopyFilesBuildPhase;
			buildActionMask = 2147483647;
			dstPath = "";
			dstSubfolderSpec = 10;
			files = (
				6CA83ABA22FF7E95004C912A /* MultiplayerKit.framework in Embed Frameworks */,
			);
			name = "Embed Frameworks";
			runOnlyForDeploymentPostprocessing = 0;
		};
/* End PBXCopyFilesBuildPhase section */

/* Begin PBXFileReference section */
		6C0486EB23071BA7009A888C /* SpaceShip.swift */ = {isa = PBXFileReference; lastKnownFileType = sourcecode.swift; path = SpaceShip.swift; sourceTree = "<group>"; };
		6C0486ED23071CF9009A888C /* PhysicsDetection.swift */ = {isa = PBXFileReference; lastKnownFileType = sourcecode.swift; path = PhysicsDetection.swift; sourceTree = "<group>"; };
		6C206C6F230B824E008B302E /* MessageType.swift */ = {isa = PBXFileReference; lastKnownFileType = sourcecode.swift; path = MessageType.swift; sourceTree = "<group>"; };
		6C2FCBF92311E6B00086DA77 /* Matchmaker.swift */ = {isa = PBXFileReference; lastKnownFileType = sourcecode.swift; path = Matchmaker.swift; sourceTree = "<group>"; };
		6C2FCBFB2311E7090086DA77 /* MatchService.swift */ = {isa = PBXFileReference; lastKnownFileType = sourcecode.swift; path = MatchService.swift; sourceTree = "<group>"; };
		6C3EF8132340E1C7003A3C86 /* MKMenuScene.swift */ = {isa = PBXFileReference; lastKnownFileType = sourcecode.swift; path = MKMenuScene.swift; sourceTree = "<group>"; };
		6C3EF8152340E343003A3C86 /* AuthenticationDelegate.swift */ = {isa = PBXFileReference; lastKnownFileType = sourcecode.swift; path = AuthenticationDelegate.swift; sourceTree = "<group>"; };
		6C3EF8172340E531003A3C86 /* GamePresentationDelegate.swift */ = {isa = PBXFileReference; lastKnownFileType = sourcecode.swift; path = GamePresentationDelegate.swift; sourceTree = "<group>"; };
		6C619D1C2308804C0082D672 /* MessageProtocol.swift */ = {isa = PBXFileReference; lastKnownFileType = sourcecode.swift; path = MessageProtocol.swift; sourceTree = "<group>"; };
		6C619D1E230880A50082D672 /* MessageType.swift */ = {isa = PBXFileReference; lastKnownFileType = sourcecode.swift; path = MessageType.swift; sourceTree = "<group>"; };
		6C6EEAF422FF3CBA00996FC8 /* JoystickNode.swift */ = {isa = PBXFileReference; fileEncoding = 4; lastKnownFileType = sourcecode.swift; path = JoystickNode.swift; sourceTree = "<group>"; };
		6C6EEAF522FF3CBA00996FC8 /* VirtualButtonNode.swift */ = {isa = PBXFileReference; fileEncoding = 4; lastKnownFileType = sourcecode.swift; path = VirtualButtonNode.swift; sourceTree = "<group>"; };
		6C6EEAF622FF3CBA00996FC8 /* InputController.swift */ = {isa = PBXFileReference; fileEncoding = 4; lastKnownFileType = sourcecode.swift; path = InputController.swift; sourceTree = "<group>"; };
		6C6EEAF722FF3CBA00996FC8 /* JoystickComponent.swift */ = {isa = PBXFileReference; fileEncoding = 4; lastKnownFileType = sourcecode.swift; path = JoystickComponent.swift; sourceTree = "<group>"; };
		6C6EEAF822FF3CBA00996FC8 /* JoystickDelegate.swift */ = {isa = PBXFileReference; fileEncoding = 4; lastKnownFileType = sourcecode.swift; path = JoystickDelegate.swift; sourceTree = "<group>"; };
		6C6EEB1022FF479C00996FC8 /* MenuScene.swift */ = {isa = PBXFileReference; lastKnownFileType = sourcecode.swift; path = MenuScene.swift; sourceTree = "<group>"; };
		6C6EEB7622FF4B1F00996FC8 /* ButtonNode.swift */ = {isa = PBXFileReference; fileEncoding = 4; lastKnownFileType = sourcecode.swift; path = ButtonNode.swift; sourceTree = "<group>"; };
		6C6EEB7D22FF53B400996FC8 /* GameSceneProtocol.swift */ = {isa = PBXFileReference; lastKnownFileType = sourcecode.swift; path = GameSceneProtocol.swift; sourceTree = "<group>"; };
		6C7031E822FE047E005055B0 /* NotificationName.swift */ = {isa = PBXFileReference; fileEncoding = 4; lastKnownFileType = sourcecode.swift; path = NotificationName.swift; sourceTree = "<group>"; };
		6C7031EA22FE047E005055B0 /* MultiplayerService.swift */ = {isa = PBXFileReference; fileEncoding = 4; lastKnownFileType = sourcecode.swift; path = MultiplayerService.swift; sourceTree = "<group>"; };
		6C99F96622FC99ED00B8C80B /* MultiplayerKit.framework */ = {isa = PBXFileReference; explicitFileType = wrapper.framework; includeInIndex = 0; path = MultiplayerKit.framework; sourceTree = BUILT_PRODUCTS_DIR; };
		6C99F96922FC99ED00B8C80B /* MultiplayerKit.h */ = {isa = PBXFileReference; lastKnownFileType = sourcecode.c.h; path = MultiplayerKit.h; sourceTree = "<group>"; };
		6C99F96A22FC99ED00B8C80B /* Info.plist */ = {isa = PBXFileReference; lastKnownFileType = text.plist.xml; path = Info.plist; sourceTree = "<group>"; };
		6C99F96F22FC99ED00B8C80B /* MultiplayerKitTests.xctest */ = {isa = PBXFileReference; explicitFileType = wrapper.cfbundle; includeInIndex = 0; path = MultiplayerKitTests.xctest; sourceTree = BUILT_PRODUCTS_DIR; };
		6C99F97422FC99ED00B8C80B /* MultiplayerKitTests.swift */ = {isa = PBXFileReference; lastKnownFileType = sourcecode.swift; path = MultiplayerKitTests.swift; sourceTree = "<group>"; };
		6C99F97622FC99ED00B8C80B /* Info.plist */ = {isa = PBXFileReference; lastKnownFileType = text.plist.xml; path = Info.plist; sourceTree = "<group>"; };
		6C99F98422FC9A0B00B8C80B /* Demo.app */ = {isa = PBXFileReference; explicitFileType = wrapper.application; includeInIndex = 0; path = Demo.app; sourceTree = BUILT_PRODUCTS_DIR; };
		6C99F98622FC9A0B00B8C80B /* AppDelegate.swift */ = {isa = PBXFileReference; lastKnownFileType = sourcecode.swift; path = AppDelegate.swift; sourceTree = "<group>"; };
		6C99F98C22FC9A0B00B8C80B /* GameScene.swift */ = {isa = PBXFileReference; lastKnownFileType = sourcecode.swift; path = GameScene.swift; sourceTree = "<group>"; };
		6C99F98E22FC9A0B00B8C80B /* GameViewController.swift */ = {isa = PBXFileReference; lastKnownFileType = sourcecode.swift; path = GameViewController.swift; sourceTree = "<group>"; };
		6C99F99122FC9A0B00B8C80B /* Base */ = {isa = PBXFileReference; lastKnownFileType = file.storyboard; name = Base; path = Base.lproj/Main.storyboard; sourceTree = "<group>"; };
		6C99F99322FC9A0C00B8C80B /* Assets.xcassets */ = {isa = PBXFileReference; lastKnownFileType = folder.assetcatalog; path = Assets.xcassets; sourceTree = "<group>"; };
		6C99F99622FC9A0C00B8C80B /* Base */ = {isa = PBXFileReference; lastKnownFileType = file.storyboard; name = Base; path = Base.lproj/LaunchScreen.storyboard; sourceTree = "<group>"; };
		6C99F99822FC9A0C00B8C80B /* Info.plist */ = {isa = PBXFileReference; lastKnownFileType = text.plist.xml; path = Info.plist; sourceTree = "<group>"; };
		6CA83ABF22FF9057004C912A /* MPSpriteNode.swift */ = {isa = PBXFileReference; lastKnownFileType = sourcecode.swift; path = MPSpriteNode.swift; sourceTree = "<group>"; };
		6CA83AC222FF986A004C912A /* String+ToInt.swift */ = {isa = PBXFileReference; lastKnownFileType = sourcecode.swift; path = "String+ToInt.swift"; sourceTree = "<group>"; };
		6CCDFB3622FF6FA500DBCE3E /* GameKit.framework */ = {isa = PBXFileReference; lastKnownFileType = wrapper.framework; name = GameKit.framework; path = System/Library/Frameworks/GameKit.framework; sourceTree = SDKROOT; };
		6CEFC58822FF285300FA5D3A /* ReceiveDataDelegate.swift */ = {isa = PBXFileReference; lastKnownFileType = sourcecode.swift; path = ReceiveDataDelegate.swift; sourceTree = "<group>"; };
		6CEFC58D22FF28D100FA5D3A /* ConnectionDelegate.swift */ = {isa = PBXFileReference; lastKnownFileType = sourcecode.swift; path = ConnectionDelegate.swift; sourceTree = "<group>"; };
/* End PBXFileReference section */

/* Begin PBXFrameworksBuildPhase section */
		6C99F96322FC99ED00B8C80B /* Frameworks */ = {
			isa = PBXFrameworksBuildPhase;
			buildActionMask = 2147483647;
			files = (
				6CA916BF2336988900765DBD /* GameKit.framework in Frameworks */,
			);
			runOnlyForDeploymentPostprocessing = 0;
		};
		6C99F96C22FC99ED00B8C80B /* Frameworks */ = {
			isa = PBXFrameworksBuildPhase;
			buildActionMask = 2147483647;
			files = (
				6CA83A6722FF7A97004C912A /* MultiplayerKit.framework in Frameworks */,
			);
			runOnlyForDeploymentPostprocessing = 0;
		};
		6C99F98122FC9A0B00B8C80B /* Frameworks */ = {
			isa = PBXFrameworksBuildPhase;
			buildActionMask = 2147483647;
			files = (
				6CA83AB022FF7CA0004C912A /* MultiplayerKit.framework in Frameworks */,
				6CCDFB3722FF6FA500DBCE3E /* GameKit.framework in Frameworks */,
			);
			runOnlyForDeploymentPostprocessing = 0;
		};
/* End PBXFrameworksBuildPhase section */

/* Begin PBXGroup section */
		6C0486E923071B4A009A888C /* MPNodes */ = {
			isa = PBXGroup;
			children = (
				6CA83ABF22FF9057004C912A /* MPSpriteNode.swift */,
			);
			path = MPNodes;
			sourceTree = "<group>";
		};
		6C0486EA23071B61009A888C /* Nodes */ = {
			isa = PBXGroup;
			children = (
				6C0486EB23071BA7009A888C /* SpaceShip.swift */,
			);
			path = Nodes;
			sourceTree = "<group>";
		};
		6C6EEAF322FF3CBA00996FC8 /* Joystick */ = {
			isa = PBXGroup;
			children = (
				6C6EEAF422FF3CBA00996FC8 /* JoystickNode.swift */,
				6C6EEAF522FF3CBA00996FC8 /* VirtualButtonNode.swift */,
				6C6EEAF622FF3CBA00996FC8 /* InputController.swift */,
				6C6EEAF722FF3CBA00996FC8 /* JoystickComponent.swift */,
				6C6EEAF822FF3CBA00996FC8 /* JoystickDelegate.swift */,
				6C6EEB7622FF4B1F00996FC8 /* ButtonNode.swift */,
			);
			path = Joystick;
			sourceTree = "<group>";
		};
		6C6EEB0F22FF477E00996FC8 /* Scenes */ = {
			isa = PBXGroup;
			children = (
				6C99F98C22FC9A0B00B8C80B /* GameScene.swift */,
				6C6EEB1022FF479C00996FC8 /* MenuScene.swift */,
			);
			path = Scenes;
			sourceTree = "<group>";
		};
		6C6EEB7A22FF4FFB00996FC8 /* Scenes */ = {
			isa = PBXGroup;
			children = (
				6C6EEB7D22FF53B400996FC8 /* GameSceneProtocol.swift */,
				6C3EF8132340E1C7003A3C86 /* MKMenuScene.swift */,
			);
			path = Scenes;
			sourceTree = "<group>";
		};
		6C99F95C22FC99ED00B8C80B = {
			isa = PBXGroup;
			children = (
				6C99F96822FC99ED00B8C80B /* MultiplayerKit */,
				6C99F97322FC99ED00B8C80B /* MultiplayerKitTests */,
				6C99F98522FC9A0B00B8C80B /* Demo */,
				6C99F96722FC99ED00B8C80B /* Products */,
				6CCDFB3522FF6FA500DBCE3E /* Frameworks */,
			);
			sourceTree = "<group>";
		};
		6C99F96722FC99ED00B8C80B /* Products */ = {
			isa = PBXGroup;
			children = (
				6C99F96622FC99ED00B8C80B /* MultiplayerKit.framework */,
				6C99F96F22FC99ED00B8C80B /* MultiplayerKitTests.xctest */,
				6C99F98422FC9A0B00B8C80B /* Demo.app */,
			);
			name = Products;
			sourceTree = "<group>";
		};
		6C99F96822FC99ED00B8C80B /* MultiplayerKit */ = {
			isa = PBXGroup;
			children = (
				6CA83AC122FF9845004C912A /* Utils */,
				6C0486E923071B4A009A888C /* MPNodes */,
				6C6EEB7A22FF4FFB00996FC8 /* Scenes */,
				6C99F96922FC99ED00B8C80B /* MultiplayerKit.h */,
				6C99F96A22FC99ED00B8C80B /* Info.plist */,
				6C2FCBF92311E6B00086DA77 /* Matchmaker.swift */,
				6C2FCBFB2311E7090086DA77 /* MatchService.swift */,
				6C7031EA22FE047E005055B0 /* MultiplayerService.swift */,
				6C619D1C2308804C0082D672 /* MessageProtocol.swift */,
				6C619D1E230880A50082D672 /* MessageType.swift */,
				6C7031E822FE047E005055B0 /* NotificationName.swift */,
				6CEFC58A22FF286700FA5D3A /* Delegates */,
			);
			path = MultiplayerKit;
			sourceTree = "<group>";
		};
		6C99F97322FC99ED00B8C80B /* MultiplayerKitTests */ = {
			isa = PBXGroup;
			children = (
				6C99F97422FC99ED00B8C80B /* MultiplayerKitTests.swift */,
				6C99F97622FC99ED00B8C80B /* Info.plist */,
			);
			path = MultiplayerKitTests;
			sourceTree = "<group>";
		};
		6C99F98522FC9A0B00B8C80B /* Demo */ = {
			isa = PBXGroup;
			children = (
				6C206C6F230B824E008B302E /* MessageType.swift */,
				6C0486EA23071B61009A888C /* Nodes */,
				6C6EEAF322FF3CBA00996FC8 /* Joystick */,
				6C6EEB0F22FF477E00996FC8 /* Scenes */,
				6C0486ED23071CF9009A888C /* PhysicsDetection.swift */,
				6C99F98622FC9A0B00B8C80B /* AppDelegate.swift */,
				6C99F98E22FC9A0B00B8C80B /* GameViewController.swift */,
				6C99F99022FC9A0B00B8C80B /* Main.storyboard */,
				6C99F99322FC9A0C00B8C80B /* Assets.xcassets */,
				6C99F99522FC9A0C00B8C80B /* LaunchScreen.storyboard */,
				6C99F99822FC9A0C00B8C80B /* Info.plist */,
			);
			path = Demo;
			sourceTree = "<group>";
		};
		6CA83AC122FF9845004C912A /* Utils */ = {
			isa = PBXGroup;
			children = (
				6CA83AC222FF986A004C912A /* String+ToInt.swift */,
			);
			path = Utils;
			sourceTree = "<group>";
		};
		6CCDFB3522FF6FA500DBCE3E /* Frameworks */ = {
			isa = PBXGroup;
			children = (
				6CCDFB3622FF6FA500DBCE3E /* GameKit.framework */,
			);
			name = Frameworks;
			sourceTree = "<group>";
		};
		6CEFC58A22FF286700FA5D3A /* Delegates */ = {
			isa = PBXGroup;
			children = (
				6CEFC58822FF285300FA5D3A /* ReceiveDataDelegate.swift */,
				6CEFC58D22FF28D100FA5D3A /* ConnectionDelegate.swift */,
				6C3EF8152340E343003A3C86 /* AuthenticationDelegate.swift */,
				6C3EF8172340E531003A3C86 /* GamePresentationDelegate.swift */,
			);
			path = Delegates;
			sourceTree = "<group>";
		};
/* End PBXGroup section */

/* Begin PBXHeadersBuildPhase section */
		6C99F96122FC99ED00B8C80B /* Headers */ = {
			isa = PBXHeadersBuildPhase;
			buildActionMask = 2147483647;
			files = (
				6C99F97722FC99ED00B8C80B /* MultiplayerKit.h in Headers */,
			);
			runOnlyForDeploymentPostprocessing = 0;
		};
/* End PBXHeadersBuildPhase section */

/* Begin PBXNativeTarget section */
		6C99F96522FC99ED00B8C80B /* MultiplayerKit */ = {
			isa = PBXNativeTarget;
			buildConfigurationList = 6C99F97A22FC99ED00B8C80B /* Build configuration list for PBXNativeTarget "MultiplayerKit" */;
			buildPhases = (
				6C99F96122FC99ED00B8C80B /* Headers */,
				6C99F96222FC99ED00B8C80B /* Sources */,
				6C99F96322FC99ED00B8C80B /* Frameworks */,
				6C99F96422FC99ED00B8C80B /* Resources */,
				6C80A74622FF219500190487 /* Swift Lint */,
			);
			buildRules = (
			);
			dependencies = (
			);
			name = MultiplayerKit;
			productName = MultiplayerKit;
			productReference = 6C99F96622FC99ED00B8C80B /* MultiplayerKit.framework */;
			productType = "com.apple.product-type.framework";
		};
		6C99F96E22FC99ED00B8C80B /* MultiplayerKitTests */ = {
			isa = PBXNativeTarget;
			buildConfigurationList = 6C99F97D22FC99ED00B8C80B /* Build configuration list for PBXNativeTarget "MultiplayerKitTests" */;
			buildPhases = (
				6C99F96B22FC99ED00B8C80B /* Sources */,
				6C99F96C22FC99ED00B8C80B /* Frameworks */,
				6C99F96D22FC99ED00B8C80B /* Resources */,
			);
			buildRules = (
			);
			dependencies = (
				6C99F97222FC99ED00B8C80B /* PBXTargetDependency */,
			);
			name = MultiplayerKitTests;
			productName = MultiplayerKitTests;
			productReference = 6C99F96F22FC99ED00B8C80B /* MultiplayerKitTests.xctest */;
			productType = "com.apple.product-type.bundle.unit-test";
		};
		6C99F98322FC9A0B00B8C80B /* Demo */ = {
			isa = PBXNativeTarget;
			buildConfigurationList = 6C99F99922FC9A0C00B8C80B /* Build configuration list for PBXNativeTarget "Demo" */;
			buildPhases = (
				6C99F98022FC9A0B00B8C80B /* Sources */,
				6C99F98122FC9A0B00B8C80B /* Frameworks */,
				6C99F98222FC9A0B00B8C80B /* Resources */,
				6C80A74522FF213C00190487 /* Swift Lint */,
				6CA83ABD22FF7E95004C912A /* Embed Frameworks */,
			);
			buildRules = (
			);
			dependencies = (
				6CA83ABC22FF7E95004C912A /* PBXTargetDependency */,
			);
			name = Demo;
			productName = Demo;
			productReference = 6C99F98422FC9A0B00B8C80B /* Demo.app */;
			productType = "com.apple.product-type.application";
		};
/* End PBXNativeTarget section */

/* Begin PBXProject section */
		6C99F95D22FC99ED00B8C80B /* Project object */ = {
			isa = PBXProject;
			attributes = {
				LastSwiftUpdateCheck = 1020;
				LastUpgradeCheck = 1020;
				ORGANIZATIONNAME = "João Paulo de Oliveira Sabino";
				TargetAttributes = {
					6C99F96522FC99ED00B8C80B = {
						CreatedOnToolsVersion = 10.2.1;
						LastSwiftMigration = 1020;
					};
					6C99F96E22FC99ED00B8C80B = {
						CreatedOnToolsVersion = 10.2.1;
					};
					6C99F98322FC9A0B00B8C80B = {
						CreatedOnToolsVersion = 10.2.1;
						SystemCapabilities = {
							com.apple.GameCenter.iOS = {
								enabled = 1;
							};
						};
					};
				};
			};
			buildConfigurationList = 6C99F96022FC99ED00B8C80B /* Build configuration list for PBXProject "MultiplayerKit" */;
			compatibilityVersion = "Xcode 9.3";
			developmentRegion = en;
			hasScannedForEncodings = 0;
			knownRegions = (
				en,
				Base,
			);
			mainGroup = 6C99F95C22FC99ED00B8C80B;
			productRefGroup = 6C99F96722FC99ED00B8C80B /* Products */;
			projectDirPath = "";
			projectRoot = "";
			targets = (
				6C99F96522FC99ED00B8C80B /* MultiplayerKit */,
				6C99F96E22FC99ED00B8C80B /* MultiplayerKitTests */,
				6C99F98322FC9A0B00B8C80B /* Demo */,
			);
		};
/* End PBXProject section */

/* Begin PBXResourcesBuildPhase section */
		6C99F96422FC99ED00B8C80B /* Resources */ = {
			isa = PBXResourcesBuildPhase;
			buildActionMask = 2147483647;
			files = (
			);
			runOnlyForDeploymentPostprocessing = 0;
		};
		6C99F96D22FC99ED00B8C80B /* Resources */ = {
			isa = PBXResourcesBuildPhase;
			buildActionMask = 2147483647;
			files = (
			);
			runOnlyForDeploymentPostprocessing = 0;
		};
		6C99F98222FC9A0B00B8C80B /* Resources */ = {
			isa = PBXResourcesBuildPhase;
			buildActionMask = 2147483647;
			files = (
				6C99F99222FC9A0B00B8C80B /* Main.storyboard in Resources */,
				6C99F99422FC9A0C00B8C80B /* Assets.xcassets in Resources */,
				6C99F99722FC9A0C00B8C80B /* LaunchScreen.storyboard in Resources */,
			);
			runOnlyForDeploymentPostprocessing = 0;
		};
/* End PBXResourcesBuildPhase section */

/* Begin PBXShellScriptBuildPhase section */
		6C80A74522FF213C00190487 /* Swift Lint */ = {
			isa = PBXShellScriptBuildPhase;
			buildActionMask = 2147483647;
			files = (
			);
			inputFileListPaths = (
			);
			inputPaths = (
			);
			name = "Swift Lint";
			outputFileListPaths = (
			);
			outputPaths = (
			);
			runOnlyForDeploymentPostprocessing = 0;
			shellPath = /bin/sh;
			shellScript = "if which swiftlint >/dev/null; then\nswiftlint\nelse\necho \"warning: SwiftLint not installed, download from https://github.com/realm/SwiftLint\"\nfi\n";
		};
		6C80A74622FF219500190487 /* Swift Lint */ = {
			isa = PBXShellScriptBuildPhase;
			buildActionMask = 2147483647;
			files = (
			);
			inputFileListPaths = (
			);
			inputPaths = (
			);
			name = "Swift Lint";
			outputFileListPaths = (
			);
			outputPaths = (
			);
			runOnlyForDeploymentPostprocessing = 0;
			shellPath = /bin/sh;
			shellScript = "if which swiftlint >/dev/null; then\nswiftlint\nelse\necho \"warning: SwiftLint not installed, download from https://github.com/realm/SwiftLint\"\nfi\n";
		};
/* End PBXShellScriptBuildPhase section */

/* Begin PBXSourcesBuildPhase section */
		6C99F96222FC99ED00B8C80B /* Sources */ = {
			isa = PBXSourcesBuildPhase;
			buildActionMask = 2147483647;
			files = (
				6CEFC58E22FF28D100FA5D3A /* ConnectionDelegate.swift in Sources */,
				6C6EEB7422FF49DC00996FC8 /* ReceiveDataDelegate.swift in Sources */,
				6C7031EE22FE047E005055B0 /* MultiplayerService.swift in Sources */,
				6C7031EC22FE047E005055B0 /* NotificationName.swift in Sources */,
				6C3EF8162340E343003A3C86 /* AuthenticationDelegate.swift in Sources */,
				6CA83AC022FF9057004C912A /* MPSpriteNode.swift in Sources */,
				6CA83AC322FF986A004C912A /* String+ToInt.swift in Sources */,
				6C619D1F230880A50082D672 /* MessageType.swift in Sources */,
				6C619D1D2308804C0082D672 /* MessageProtocol.swift in Sources */,
				6C2FCBFC2311E7090086DA77 /* MatchService.swift in Sources */,
				6C6EEB7E22FF53B400996FC8 /* GameSceneProtocol.swift in Sources */,
				6C3EF8182340E531003A3C86 /* GamePresentationDelegate.swift in Sources */,
				6C2FCBFA2311E6B00086DA77 /* Matchmaker.swift in Sources */,
				6C3EF8142340E1C7003A3C86 /* MKMenuScene.swift in Sources */,
			);
			runOnlyForDeploymentPostprocessing = 0;
		};
		6C99F96B22FC99ED00B8C80B /* Sources */ = {
			isa = PBXSourcesBuildPhase;
			buildActionMask = 2147483647;
			files = (
				6C99F97522FC99ED00B8C80B /* MultiplayerKitTests.swift in Sources */,
			);
			runOnlyForDeploymentPostprocessing = 0;
		};
		6C99F98022FC9A0B00B8C80B /* Sources */ = {
			isa = PBXSourcesBuildPhase;
			buildActionMask = 2147483647;
			files = (
				6C6EEAFB22FF3CBA00996FC8 /* InputController.swift in Sources */,
				6C6EEAFC22FF3CBA00996FC8 /* JoystickComponent.swift in Sources */,
				6C99F98D22FC9A0B00B8C80B /* GameScene.swift in Sources */,
				6C6EEAFA22FF3CBA00996FC8 /* VirtualButtonNode.swift in Sources */,
				6C6EEAFD22FF3CBA00996FC8 /* JoystickDelegate.swift in Sources */,
				6C6EEB7722FF4B1F00996FC8 /* ButtonNode.swift in Sources */,
				6C6EEB0722FF3F8C00996FC8 /* ConnectionDelegate.swift in Sources */,
				6C206C70230B824E008B302E /* MessageType.swift in Sources */,
				6C99F98F22FC9A0B00B8C80B /* GameViewController.swift in Sources */,
				6C99F98722FC9A0B00B8C80B /* AppDelegate.swift in Sources */,
				6C0486EC23071BA7009A888C /* SpaceShip.swift in Sources */,
				6C0486EE23071CF9009A888C /* PhysicsDetection.swift in Sources */,
				6C6EEB1122FF479C00996FC8 /* MenuScene.swift in Sources */,
				6C6EEAF922FF3CBA00996FC8 /* JoystickNode.swift in Sources */,
			);
			runOnlyForDeploymentPostprocessing = 0;
		};
/* End PBXSourcesBuildPhase section */

/* Begin PBXTargetDependency section */
		6C99F97222FC99ED00B8C80B /* PBXTargetDependency */ = {
			isa = PBXTargetDependency;
			target = 6C99F96522FC99ED00B8C80B /* MultiplayerKit */;
			targetProxy = 6C99F97122FC99ED00B8C80B /* PBXContainerItemProxy */;
		};
		6CA83ABC22FF7E95004C912A /* PBXTargetDependency */ = {
			isa = PBXTargetDependency;
			target = 6C99F96522FC99ED00B8C80B /* MultiplayerKit */;
			targetProxy = 6CA83ABB22FF7E95004C912A /* PBXContainerItemProxy */;
		};
/* End PBXTargetDependency section */

/* Begin PBXVariantGroup section */
		6C99F99022FC9A0B00B8C80B /* Main.storyboard */ = {
			isa = PBXVariantGroup;
			children = (
				6C99F99122FC9A0B00B8C80B /* Base */,
			);
			name = Main.storyboard;
			sourceTree = "<group>";
		};
		6C99F99522FC9A0C00B8C80B /* LaunchScreen.storyboard */ = {
			isa = PBXVariantGroup;
			children = (
				6C99F99622FC9A0C00B8C80B /* Base */,
			);
			name = LaunchScreen.storyboard;
			sourceTree = "<group>";
		};
/* End PBXVariantGroup section */

/* Begin XCBuildConfiguration section */
		6C99F97822FC99ED00B8C80B /* Debug */ = {
			isa = XCBuildConfiguration;
			buildSettings = {
				ALWAYS_SEARCH_USER_PATHS = NO;
				CLANG_ANALYZER_NONNULL = YES;
				CLANG_ANALYZER_NUMBER_OBJECT_CONVERSION = YES_AGGRESSIVE;
				CLANG_CXX_LANGUAGE_STANDARD = "gnu++14";
				CLANG_CXX_LIBRARY = "libc++";
				CLANG_ENABLE_MODULES = YES;
				CLANG_ENABLE_OBJC_ARC = YES;
				CLANG_ENABLE_OBJC_WEAK = YES;
				CLANG_WARN_BLOCK_CAPTURE_AUTORELEASING = YES;
				CLANG_WARN_BOOL_CONVERSION = YES;
				CLANG_WARN_COMMA = YES;
				CLANG_WARN_CONSTANT_CONVERSION = YES;
				CLANG_WARN_DEPRECATED_OBJC_IMPLEMENTATIONS = YES;
				CLANG_WARN_DIRECT_OBJC_ISA_USAGE = YES_ERROR;
				CLANG_WARN_DOCUMENTATION_COMMENTS = YES;
				CLANG_WARN_EMPTY_BODY = YES;
				CLANG_WARN_ENUM_CONVERSION = YES;
				CLANG_WARN_INFINITE_RECURSION = YES;
				CLANG_WARN_INT_CONVERSION = YES;
				CLANG_WARN_NON_LITERAL_NULL_CONVERSION = YES;
				CLANG_WARN_OBJC_IMPLICIT_RETAIN_SELF = YES;
				CLANG_WARN_OBJC_LITERAL_CONVERSION = YES;
				CLANG_WARN_OBJC_ROOT_CLASS = YES_ERROR;
				CLANG_WARN_RANGE_LOOP_ANALYSIS = YES;
				CLANG_WARN_STRICT_PROTOTYPES = YES;
				CLANG_WARN_SUSPICIOUS_MOVE = YES;
				CLANG_WARN_UNGUARDED_AVAILABILITY = YES_AGGRESSIVE;
				CLANG_WARN_UNREACHABLE_CODE = YES;
				CLANG_WARN__DUPLICATE_METHOD_MATCH = YES;
				CODE_SIGN_IDENTITY = "iPhone Developer";
				COPY_PHASE_STRIP = NO;
				CURRENT_PROJECT_VERSION = 1;
				DEBUG_INFORMATION_FORMAT = dwarf;
				ENABLE_STRICT_OBJC_MSGSEND = YES;
				ENABLE_TESTABILITY = YES;
				GCC_C_LANGUAGE_STANDARD = gnu11;
				GCC_DYNAMIC_NO_PIC = NO;
				GCC_NO_COMMON_BLOCKS = YES;
				GCC_OPTIMIZATION_LEVEL = 0;
				GCC_PREPROCESSOR_DEFINITIONS = (
					"DEBUG=1",
					"$(inherited)",
				);
				GCC_WARN_64_TO_32_BIT_CONVERSION = YES;
				GCC_WARN_ABOUT_RETURN_TYPE = YES_ERROR;
				GCC_WARN_UNDECLARED_SELECTOR = YES;
				GCC_WARN_UNINITIALIZED_AUTOS = YES_AGGRESSIVE;
				GCC_WARN_UNUSED_FUNCTION = YES;
				GCC_WARN_UNUSED_VARIABLE = YES;
				IPHONEOS_DEPLOYMENT_TARGET = 13.0;
				MTL_ENABLE_DEBUG_INFO = INCLUDE_SOURCE;
				MTL_FAST_MATH = YES;
				ONLY_ACTIVE_ARCH = YES;
				SDKROOT = iphoneos;
				SWIFT_ACTIVE_COMPILATION_CONDITIONS = DEBUG;
				SWIFT_OPTIMIZATION_LEVEL = "-Onone";
				VERSIONING_SYSTEM = "apple-generic";
				VERSION_INFO_PREFIX = "";
			};
			name = Debug;
		};
		6C99F97922FC99ED00B8C80B /* Release */ = {
			isa = XCBuildConfiguration;
			buildSettings = {
				ALWAYS_SEARCH_USER_PATHS = NO;
				CLANG_ANALYZER_NONNULL = YES;
				CLANG_ANALYZER_NUMBER_OBJECT_CONVERSION = YES_AGGRESSIVE;
				CLANG_CXX_LANGUAGE_STANDARD = "gnu++14";
				CLANG_CXX_LIBRARY = "libc++";
				CLANG_ENABLE_MODULES = YES;
				CLANG_ENABLE_OBJC_ARC = YES;
				CLANG_ENABLE_OBJC_WEAK = YES;
				CLANG_WARN_BLOCK_CAPTURE_AUTORELEASING = YES;
				CLANG_WARN_BOOL_CONVERSION = YES;
				CLANG_WARN_COMMA = YES;
				CLANG_WARN_CONSTANT_CONVERSION = YES;
				CLANG_WARN_DEPRECATED_OBJC_IMPLEMENTATIONS = YES;
				CLANG_WARN_DIRECT_OBJC_ISA_USAGE = YES_ERROR;
				CLANG_WARN_DOCUMENTATION_COMMENTS = YES;
				CLANG_WARN_EMPTY_BODY = YES;
				CLANG_WARN_ENUM_CONVERSION = YES;
				CLANG_WARN_INFINITE_RECURSION = YES;
				CLANG_WARN_INT_CONVERSION = YES;
				CLANG_WARN_NON_LITERAL_NULL_CONVERSION = YES;
				CLANG_WARN_OBJC_IMPLICIT_RETAIN_SELF = YES;
				CLANG_WARN_OBJC_LITERAL_CONVERSION = YES;
				CLANG_WARN_OBJC_ROOT_CLASS = YES_ERROR;
				CLANG_WARN_RANGE_LOOP_ANALYSIS = YES;
				CLANG_WARN_STRICT_PROTOTYPES = YES;
				CLANG_WARN_SUSPICIOUS_MOVE = YES;
				CLANG_WARN_UNGUARDED_AVAILABILITY = YES_AGGRESSIVE;
				CLANG_WARN_UNREACHABLE_CODE = YES;
				CLANG_WARN__DUPLICATE_METHOD_MATCH = YES;
				CODE_SIGN_IDENTITY = "iPhone Developer";
				COPY_PHASE_STRIP = NO;
				CURRENT_PROJECT_VERSION = 1;
				DEBUG_INFORMATION_FORMAT = "dwarf-with-dsym";
				ENABLE_NS_ASSERTIONS = NO;
				ENABLE_STRICT_OBJC_MSGSEND = YES;
				GCC_C_LANGUAGE_STANDARD = gnu11;
				GCC_NO_COMMON_BLOCKS = YES;
				GCC_WARN_64_TO_32_BIT_CONVERSION = YES;
				GCC_WARN_ABOUT_RETURN_TYPE = YES_ERROR;
				GCC_WARN_UNDECLARED_SELECTOR = YES;
				GCC_WARN_UNINITIALIZED_AUTOS = YES_AGGRESSIVE;
				GCC_WARN_UNUSED_FUNCTION = YES;
				GCC_WARN_UNUSED_VARIABLE = YES;
				IPHONEOS_DEPLOYMENT_TARGET = 13.0;
				MTL_ENABLE_DEBUG_INFO = NO;
				MTL_FAST_MATH = YES;
				SDKROOT = iphoneos;
				SWIFT_COMPILATION_MODE = wholemodule;
				SWIFT_OPTIMIZATION_LEVEL = "-O";
				VALIDATE_PRODUCT = YES;
				VERSIONING_SYSTEM = "apple-generic";
				VERSION_INFO_PREFIX = "";
			};
			name = Release;
		};
		6C99F97B22FC99ED00B8C80B /* Debug */ = {
			isa = XCBuildConfiguration;
			buildSettings = {
				CLANG_ENABLE_MODULES = YES;
				CODE_SIGN_IDENTITY = "";
				CODE_SIGN_STYLE = Automatic;
				DEFINES_MODULE = YES;
				DEVELOPMENT_TEAM = V9TV25TFN7;
				DYLIB_COMPATIBILITY_VERSION = 1;
				DYLIB_CURRENT_VERSION = 1;
				DYLIB_INSTALL_NAME_BASE = "@rpath";
				INFOPLIST_FILE = MultiplayerKit/Info.plist;
				INSTALL_PATH = "$(LOCAL_LIBRARY_DIR)/Frameworks";
				IPHONEOS_DEPLOYMENT_TARGET = 13.0;
				LD_RUNPATH_SEARCH_PATHS = (
					"$(inherited)",
					"@executable_path/Frameworks",
					"@loader_path/Frameworks",
				);
				PRODUCT_BUNDLE_IDENTIFIER = com.JP.MultiplayerKit;
				PRODUCT_NAME = "$(TARGET_NAME:c99extidentifier)";
				SKIP_INSTALL = YES;
				SUPPORTS_UIKITFORMAC = NO;
				SWIFT_OPTIMIZATION_LEVEL = "-Onone";
				SWIFT_VERSION = 5.0;
				TARGETED_DEVICE_FAMILY = "1,2";
			};
			name = Debug;
		};
		6C99F97C22FC99ED00B8C80B /* Release */ = {
			isa = XCBuildConfiguration;
			buildSettings = {
				CLANG_ENABLE_MODULES = YES;
				CODE_SIGN_IDENTITY = "";
				CODE_SIGN_STYLE = Automatic;
				DEFINES_MODULE = YES;
				DEVELOPMENT_TEAM = V9TV25TFN7;
				DYLIB_COMPATIBILITY_VERSION = 1;
				DYLIB_CURRENT_VERSION = 1;
				DYLIB_INSTALL_NAME_BASE = "@rpath";
				INFOPLIST_FILE = MultiplayerKit/Info.plist;
				INSTALL_PATH = "$(LOCAL_LIBRARY_DIR)/Frameworks";
				IPHONEOS_DEPLOYMENT_TARGET = 13.0;
				LD_RUNPATH_SEARCH_PATHS = (
					"$(inherited)",
					"@executable_path/Frameworks",
					"@loader_path/Frameworks",
				);
				PRODUCT_BUNDLE_IDENTIFIER = com.JP.MultiplayerKit;
				PRODUCT_NAME = "$(TARGET_NAME:c99extidentifier)";
				SKIP_INSTALL = YES;
				SUPPORTS_UIKITFORMAC = NO;
				SWIFT_OPTIMIZATION_LEVEL = "-O";
				SWIFT_VERSION = 5.0;
				TARGETED_DEVICE_FAMILY = "1,2";
			};
			name = Release;
		};
		6C99F97E22FC99ED00B8C80B /* Debug */ = {
			isa = XCBuildConfiguration;
			buildSettings = {
				ALWAYS_EMBED_SWIFT_STANDARD_LIBRARIES = YES;
				CODE_SIGN_STYLE = Automatic;
				DEVELOPMENT_TEAM = V9TV25TFN7;
				INFOPLIST_FILE = MultiplayerKitTests/Info.plist;
				LD_RUNPATH_SEARCH_PATHS = (
					"$(inherited)",
					"@executable_path/Frameworks",
					"@loader_path/Frameworks",
				);
				PRODUCT_BUNDLE_IDENTIFIER = com.JP.MultiplayerKitTests;
				PRODUCT_NAME = "$(TARGET_NAME)";
				SWIFT_VERSION = 5.0;
				TARGETED_DEVICE_FAMILY = "1,2";
			};
			name = Debug;
		};
		6C99F97F22FC99ED00B8C80B /* Release */ = {
			isa = XCBuildConfiguration;
			buildSettings = {
				ALWAYS_EMBED_SWIFT_STANDARD_LIBRARIES = YES;
				CODE_SIGN_STYLE = Automatic;
				DEVELOPMENT_TEAM = V9TV25TFN7;
				INFOPLIST_FILE = MultiplayerKitTests/Info.plist;
				LD_RUNPATH_SEARCH_PATHS = (
					"$(inherited)",
					"@executable_path/Frameworks",
					"@loader_path/Frameworks",
				);
				PRODUCT_BUNDLE_IDENTIFIER = com.JP.MultiplayerKitTests;
				PRODUCT_NAME = "$(TARGET_NAME)";
				SWIFT_VERSION = 5.0;
				TARGETED_DEVICE_FAMILY = "1,2";
			};
			name = Release;
		};
		6C99F99A22FC9A0C00B8C80B /* Debug */ = {
			isa = XCBuildConfiguration;
			buildSettings = {
				ALWAYS_EMBED_SWIFT_STANDARD_LIBRARIES = YES;
				ASSETCATALOG_COMPILER_APPICON_NAME = AppIcon;
				CODE_SIGN_STYLE = Automatic;
				DEVELOPMENT_TEAM = V9TV25TFN7;
				INFOPLIST_FILE = Demo/Info.plist;
				IPHONEOS_DEPLOYMENT_TARGET = 13.0;
				LD_RUNPATH_SEARCH_PATHS = (
					"$(inherited)",
					"@executable_path/Frameworks",
				);
				PRODUCT_BUNDLE_IDENTIFIER = com.JP.Demo;
				PRODUCT_NAME = "$(TARGET_NAME)";
				SWIFT_VERSION = 5.0;
				TARGETED_DEVICE_FAMILY = "1,2";
			};
			name = Debug;
		};
		6C99F99B22FC9A0C00B8C80B /* Release */ = {
			isa = XCBuildConfiguration;
			buildSettings = {
				ALWAYS_EMBED_SWIFT_STANDARD_LIBRARIES = YES;
				ASSETCATALOG_COMPILER_APPICON_NAME = AppIcon;
				CODE_SIGN_STYLE = Automatic;
				DEVELOPMENT_TEAM = V9TV25TFN7;
				INFOPLIST_FILE = Demo/Info.plist;
				IPHONEOS_DEPLOYMENT_TARGET = 13.0;
				LD_RUNPATH_SEARCH_PATHS = (
					"$(inherited)",
					"@executable_path/Frameworks",
				);
				PRODUCT_BUNDLE_IDENTIFIER = com.JP.Demo;
				PRODUCT_NAME = "$(TARGET_NAME)";
				SWIFT_VERSION = 5.0;
				TARGETED_DEVICE_FAMILY = "1,2";
			};
			name = Release;
		};
/* End XCBuildConfiguration section */

/* Begin XCConfigurationList section */
		6C99F96022FC99ED00B8C80B /* Build configuration list for PBXProject "MultiplayerKit" */ = {
			isa = XCConfigurationList;
			buildConfigurations = (
				6C99F97822FC99ED00B8C80B /* Debug */,
				6C99F97922FC99ED00B8C80B /* Release */,
			);
			defaultConfigurationIsVisible = 0;
			defaultConfigurationName = Release;
		};
		6C99F97A22FC99ED00B8C80B /* Build configuration list for PBXNativeTarget "MultiplayerKit" */ = {
			isa = XCConfigurationList;
			buildConfigurations = (
				6C99F97B22FC99ED00B8C80B /* Debug */,
				6C99F97C22FC99ED00B8C80B /* Release */,
			);
			defaultConfigurationIsVisible = 0;
			defaultConfigurationName = Release;
		};
		6C99F97D22FC99ED00B8C80B /* Build configuration list for PBXNativeTarget "MultiplayerKitTests" */ = {
			isa = XCConfigurationList;
			buildConfigurations = (
				6C99F97E22FC99ED00B8C80B /* Debug */,
				6C99F97F22FC99ED00B8C80B /* Release */,
			);
			defaultConfigurationIsVisible = 0;
			defaultConfigurationName = Release;
		};
		6C99F99922FC9A0C00B8C80B /* Build configuration list for PBXNativeTarget "Demo" */ = {
			isa = XCConfigurationList;
			buildConfigurations = (
				6C99F99A22FC9A0C00B8C80B /* Debug */,
				6C99F99B22FC9A0C00B8C80B /* Release */,
			);
			defaultConfigurationIsVisible = 0;
			defaultConfigurationName = Release;
		};
/* End XCConfigurationList section */
	};
	rootObject = 6C99F95D22FC99ED00B8C80B /* Project object */;
}
